
Microsoft Visual Studio Solution File, Format Version 12.00
# Visual Studio 15
VisualStudioVersion = 15.0.27428.2027
MinimumVisualStudioVersion = 10.0.40219.1
Project("{FAE04EC0-301F-11D3-BF4B-00C04F79EFBC}") = "Project-mvc.WebApplication", "Project-mvc.WebApplication\Project-mvc.WebApplication.csproj", "{B4773B9E-D778-4FDB-BD4D-0CB5010D8766}"
EndProject
Project("{FAE04EC0-301F-11D3-BF4B-00C04F79EFBC}") = "Project-mvc.Service", "Project-mvc.Service\Project-mvc.Service.csproj", "{50DFF7CA-719D-468E-B3AD-EDFED3E9E735}"
EndProject
Project("{FAE04EC0-301F-11D3-BF4B-00C04F79EFBC}") = "Project-mvc.Database", "Project-mvc.Database\Project-mvc.Database.csproj", "{E305FD00-F816-4831-995F-3F67F98210A8}"
EndProject
Global
	GlobalSection(SolutionConfigurationPlatforms) = preSolution
		Debug|Any CPU = Debug|Any CPU
		Release|Any CPU = Release|Any CPU
	EndGlobalSection
	GlobalSection(ProjectConfigurationPlatforms) = postSolution
		{B4773B9E-D778-4FDB-BD4D-0CB5010D8766}.Debug|Any CPU.ActiveCfg = Debug|Any CPU
		{B4773B9E-D778-4FDB-BD4D-0CB5010D8766}.Debug|Any CPU.Build.0 = Debug|Any CPU
		{B4773B9E-D778-4FDB-BD4D-0CB5010D8766}.Release|Any CPU.ActiveCfg = Release|Any CPU
		{B4773B9E-D778-4FDB-BD4D-0CB5010D8766}.Release|Any CPU.Build.0 = Release|Any CPU
		{50DFF7CA-719D-468E-B3AD-EDFED3E9E735}.Debug|Any CPU.ActiveCfg = Debug|Any CPU
		{50DFF7CA-719D-468E-B3AD-EDFED3E9E735}.Debug|Any CPU.Build.0 = Debug|Any CPU
		{50DFF7CA-719D-468E-B3AD-EDFED3E9E735}.Release|Any CPU.ActiveCfg = Release|Any CPU
		{50DFF7CA-719D-468E-B3AD-EDFED3E9E735}.Release|Any CPU.Build.0 = Release|Any CPU
		{E305FD00-F816-4831-995F-3F67F98210A8}.Debug|Any CPU.ActiveCfg = Debug|Any CPU
		{E305FD00-F816-4831-995F-3F67F98210A8}.Debug|Any CPU.Build.0 = Debug|Any CPU
		{E305FD00-F816-4831-995F-3F67F98210A8}.Release|Any CPU.ActiveCfg = Release|Any CPU
		{E305FD00-F816-4831-995F-3F67F98210A8}.Release|Any CPU.Build.0 = Release|Any CPU
	EndGlobalSection
	GlobalSection(SolutionProperties) = preSolution
		HideSolutionNode = FALSE
	EndGlobalSection
	GlobalSection(ExtensibilityGlobals) = postSolution
		SolutionGuid = {6B705942-CD9E-47B7-A767-43FC66272C75}
	EndGlobalSection
EndGlobal
